
Microsoft Visual Studio Solution File, Format Version 12.00
# Visual Studio 15
Project("{FAE04EC0-301F-11D3-BF4B-00C04F79EFBC}") = "Assembly-CSharp", "Assembly-CSharp.csproj", "{A2391D84-88D8-5C2B-8714-9C8F5ED2B69B}"
EndProject
Project("{FAE04EC0-301F-11D3-BF4B-00C04F79EFBC}") = "Assembly-CSharp-Editor", "Assembly-CSharp-Editor.csproj", "{279C1853-4865-8446-4CE6-172C42CB24E0}"
EndProject
Global
	GlobalSection(SolutionConfigurationPlatforms) = preSolution
		Debug|Any CPU = Debug|Any CPU
		Release|Any CPU = Release|Any CPU
	EndGlobalSection
	GlobalSection(ProjectConfigurationPlatforms) = postSolution
		{A2391D84-88D8-5C2B-8714-9C8F5ED2B69B}.Debug|Any CPU.ActiveCfg = Debug|Any CPU
		{A2391D84-88D8-5C2B-8714-9C8F5ED2B69B}.Debug|Any CPU.Build.0 = Debug|Any CPU
		{A2391D84-88D8-5C2B-8714-9C8F5ED2B69B}.Release|Any CPU.ActiveCfg = Release|Any CPU
		{A2391D84-88D8-5C2B-8714-9C8F5ED2B69B}.Release|Any CPU.Build.0 = Release|Any CPU
		{279C1853-4865-8446-4CE6-172C42CB24E0}.Debug|Any CPU.ActiveCfg = Debug|Any CPU
		{279C1853-4865-8446-4CE6-172C42CB24E0}.Debug|Any CPU.Build.0 = Debug|Any CPU
		{279C1853-4865-8446-4CE6-172C42CB24E0}.Release|Any CPU.ActiveCfg = Release|Any CPU
		{279C1853-4865-8446-4CE6-172C42CB24E0}.Release|Any CPU.Build.0 = Release|Any CPU
	EndGlobalSection
	GlobalSection(SolutionProperties) = preSolution
		HideSolutionNode = FALSE
	EndGlobalSection
EndGlobal
